
Microsoft Visual Studio Solution File, Format Version 12.00
# Visual Studio Version 17
VisualStudioVersion = 17.9.34701.34
MinimumVisualStudioVersion = 10.0.40219.1
Project("{FAE04EC0-301F-11D3-BF4B-00C04F79EFBC}") = "time_conversion", "time_conversion.csproj", "{FCEEA867-1DF2-4859-A1A0-76558C42DF1B}"
EndProject
Global
	GlobalSection(SolutionConfigurationPlatforms) = preSolution
		Debug|Any CPU = Debug|Any CPU
		Release|Any CPU = Release|Any CPU
	EndGlobalSection
	GlobalSection(ProjectConfigurationPlatforms) = postSolution
		{FCEEA867-1DF2-4859-A1A0-76558C42DF1B}.Debug|Any CPU.ActiveCfg = Debug|Any CPU
		{FCEEA867-1DF2-4859-A1A0-76558C42DF1B}.Debug|Any CPU.Build.0 = Debug|Any CPU
		{FCEEA867-1DF2-4859-A1A0-76558C42DF1B}.Release|Any CPU.ActiveCfg = Release|Any CPU
		{FCEEA867-1DF2-4859-A1A0-76558C42DF1B}.Release|Any CPU.Build.0 = Release|Any CPU
	EndGlobalSection
	GlobalSection(SolutionProperties) = preSolution
		HideSolutionNode = FALSE
	EndGlobalSection
	GlobalSection(ExtensibilityGlobals) = postSolution
		SolutionGuid = {514D8E93-C169-4DD3-B9A2-E09C5EEE7A79}
	EndGlobalSection
EndGlobal
